
Microsoft Visual Studio Solution File, Format Version 12.00
# Visual Studio 15
VisualStudioVersion = 15.0.27130.2027
MinimumVisualStudioVersion = 10.0.40219.1
Project("{FAE04EC0-301F-11D3-BF4B-00C04F79EFBC}") = "ForumAngularNETCoreEF", "ForumAngularNETCoreEF\ForumAngularNETCoreEF.csproj", "{034D22FE-8E79-42E3-BF19-738A4C6FF032}"
EndProject
Project("{FAE04EC0-301F-11D3-BF4B-00C04F79EFBC}") = "ForumEF", "ForumEF\ForumEF.csproj", "{ECA4FA11-3C3F-4D98-87AB-7DB25BF7B541}"
EndProject
Global
	GlobalSection(SolutionConfigurationPlatforms) = preSolution
		Debug|Any CPU = Debug|Any CPU
		Release|Any CPU = Release|Any CPU
	EndGlobalSection
	GlobalSection(ProjectConfigurationPlatforms) = postSolution
		{034D22FE-8E79-42E3-BF19-738A4C6FF032}.Debug|Any CPU.ActiveCfg = Debug|Any CPU
		{034D22FE-8E79-42E3-BF19-738A4C6FF032}.Debug|Any CPU.Build.0 = Debug|Any CPU
		{034D22FE-8E79-42E3-BF19-738A4C6FF032}.Release|Any CPU.ActiveCfg = Release|Any CPU
		{034D22FE-8E79-42E3-BF19-738A4C6FF032}.Release|Any CPU.Build.0 = Release|Any CPU
		{ECA4FA11-3C3F-4D98-87AB-7DB25BF7B541}.Debug|Any CPU.ActiveCfg = Debug|Any CPU
		{ECA4FA11-3C3F-4D98-87AB-7DB25BF7B541}.Debug|Any CPU.Build.0 = Debug|Any CPU
		{ECA4FA11-3C3F-4D98-87AB-7DB25BF7B541}.Release|Any CPU.ActiveCfg = Release|Any CPU
		{ECA4FA11-3C3F-4D98-87AB-7DB25BF7B541}.Release|Any CPU.Build.0 = Release|Any CPU
	EndGlobalSection
	GlobalSection(SolutionProperties) = preSolution
		HideSolutionNode = FALSE
	EndGlobalSection
	GlobalSection(ExtensibilityGlobals) = postSolution
		SolutionGuid = {398118DB-74C7-413E-8F5B-0976997FDC4F}
	EndGlobalSection
EndGlobal
